
Microsoft Visual Studio Solution File, Format Version 12.00
# Visual Studio 14
VisualStudioVersion = 14.0.25420.1
MinimumVisualStudioVersion = 10.0.40219.1
Project("{FAE04EC0-301F-11D3-BF4B-00C04F79EFBC}") = "OutlookMailService", "OutlookMailService\OutlookMailService.csproj", "{950DAB5F-9E0E-48E2-BE62-8E71A2663A6B}"
EndProject
Project("{FAE04EC0-301F-11D3-BF4B-00C04F79EFBC}") = "Outluk", "Outluk\Outluk.csproj", "{92923A91-E453-4A07-A46C-CE2E56ECC715}"
EndProject
Global
	GlobalSection(SolutionConfigurationPlatforms) = preSolution
		Debug|Any CPU = Debug|Any CPU
		Release|Any CPU = Release|Any CPU
	EndGlobalSection
	GlobalSection(ProjectConfigurationPlatforms) = postSolution
		{950DAB5F-9E0E-48E2-BE62-8E71A2663A6B}.Debug|Any CPU.ActiveCfg = Debug|Any CPU
		{950DAB5F-9E0E-48E2-BE62-8E71A2663A6B}.Debug|Any CPU.Build.0 = Debug|Any CPU
		{950DAB5F-9E0E-48E2-BE62-8E71A2663A6B}.Release|Any CPU.ActiveCfg = Release|Any CPU
		{950DAB5F-9E0E-48E2-BE62-8E71A2663A6B}.Release|Any CPU.Build.0 = Release|Any CPU
		{92923A91-E453-4A07-A46C-CE2E56ECC715}.Debug|Any CPU.ActiveCfg = Debug|Any CPU
		{92923A91-E453-4A07-A46C-CE2E56ECC715}.Debug|Any CPU.Build.0 = Debug|Any CPU
		{92923A91-E453-4A07-A46C-CE2E56ECC715}.Release|Any CPU.ActiveCfg = Release|Any CPU
		{92923A91-E453-4A07-A46C-CE2E56ECC715}.Release|Any CPU.Build.0 = Release|Any CPU
	EndGlobalSection
	GlobalSection(SolutionProperties) = preSolution
		HideSolutionNode = FALSE
	EndGlobalSection
EndGlobal
